
Microsoft Visual Studio Solution File, Format Version 12.00
# Visual Studio 15
Project("{FAE04EC0-301F-11D3-BF4B-00C04F79EFBC}") = "UniTask", "UniTask.csproj", "{BB95746C-ED9A-696E-47AD-46436CADBBF3}"
EndProject
Project("{FAE04EC0-301F-11D3-BF4B-00C04F79EFBC}") = "UniTask.Linq", "UniTask.Linq.csproj", "{E1F5C5C0-A501-567D-1F4C-45352746977F}"
EndProject
Project("{FAE04EC0-301F-11D3-BF4B-00C04F79EFBC}") = "Assembly-CSharp", "Assembly-CSharp.csproj", "{E5C00A68-E6DB-FEA3-938C-F34D364EA738}"
EndProject
Project("{FAE04EC0-301F-11D3-BF4B-00C04F79EFBC}") = "UniTask.DOTween", "UniTask.DOTween.csproj", "{1C1FEEC6-132A-4459-42B8-C3C84A349FBB}"
EndProject
Project("{FAE04EC0-301F-11D3-BF4B-00C04F79EFBC}") = "UniTask.TextMeshPro", "UniTask.TextMeshPro.csproj", "{EFED6961-A64E-28F1-F47C-71763E79E386}"
EndProject
Project("{FAE04EC0-301F-11D3-BF4B-00C04F79EFBC}") = "UniTask.Addressables", "UniTask.Addressables.csproj", "{A65A7616-38FD-563E-2921-973E21F86D1C}"
EndProject
Project("{FAE04EC0-301F-11D3-BF4B-00C04F79EFBC}") = "UniTask.Editor", "UniTask.Editor.csproj", "{96847CF7-8D34-EACD-067C-97FE07B32ACB}"
EndProject
Global
	GlobalSection(SolutionConfigurationPlatforms) = preSolution
		Debug|Any CPU = Debug|Any CPU
		Release|Any CPU = Release|Any CPU
	EndGlobalSection
	GlobalSection(ProjectConfigurationPlatforms) = postSolution
		{BB95746C-ED9A-696E-47AD-46436CADBBF3}.Debug|Any CPU.ActiveCfg = Debug|Any CPU
		{BB95746C-ED9A-696E-47AD-46436CADBBF3}.Debug|Any CPU.Build.0 = Debug|Any CPU
		{BB95746C-ED9A-696E-47AD-46436CADBBF3}.Release|Any CPU.ActiveCfg = Release|Any CPU
		{BB95746C-ED9A-696E-47AD-46436CADBBF3}.Release|Any CPU.Build.0 = Release|Any CPU
		{E1F5C5C0-A501-567D-1F4C-45352746977F}.Debug|Any CPU.ActiveCfg = Debug|Any CPU
		{E1F5C5C0-A501-567D-1F4C-45352746977F}.Debug|Any CPU.Build.0 = Debug|Any CPU
		{E1F5C5C0-A501-567D-1F4C-45352746977F}.Release|Any CPU.ActiveCfg = Release|Any CPU
		{E1F5C5C0-A501-567D-1F4C-45352746977F}.Release|Any CPU.Build.0 = Release|Any CPU
		{E5C00A68-E6DB-FEA3-938C-F34D364EA738}.Debug|Any CPU.ActiveCfg = Debug|Any CPU
		{E5C00A68-E6DB-FEA3-938C-F34D364EA738}.Debug|Any CPU.Build.0 = Debug|Any CPU
		{E5C00A68-E6DB-FEA3-938C-F34D364EA738}.Release|Any CPU.ActiveCfg = Release|Any CPU
		{E5C00A68-E6DB-FEA3-938C-F34D364EA738}.Release|Any CPU.Build.0 = Release|Any CPU
		{1C1FEEC6-132A-4459-42B8-C3C84A349FBB}.Debug|Any CPU.ActiveCfg = Debug|Any CPU
		{1C1FEEC6-132A-4459-42B8-C3C84A349FBB}.Debug|Any CPU.Build.0 = Debug|Any CPU
		{1C1FEEC6-132A-4459-42B8-C3C84A349FBB}.Release|Any CPU.ActiveCfg = Release|Any CPU
		{1C1FEEC6-132A-4459-42B8-C3C84A349FBB}.Release|Any CPU.Build.0 = Release|Any CPU
		{EFED6961-A64E-28F1-F47C-71763E79E386}.Debug|Any CPU.ActiveCfg = Debug|Any CPU
		{EFED6961-A64E-28F1-F47C-71763E79E386}.Debug|Any CPU.Build.0 = Debug|Any CPU
		{EFED6961-A64E-28F1-F47C-71763E79E386}.Release|Any CPU.ActiveCfg = Release|Any CPU
		{EFED6961-A64E-28F1-F47C-71763E79E386}.Release|Any CPU.Build.0 = Release|Any CPU
		{A65A7616-38FD-563E-2921-973E21F86D1C}.Debug|Any CPU.ActiveCfg = Debug|Any CPU
		{A65A7616-38FD-563E-2921-973E21F86D1C}.Debug|Any CPU.Build.0 = Debug|Any CPU
		{A65A7616-38FD-563E-2921-973E21F86D1C}.Release|Any CPU.ActiveCfg = Release|Any CPU
		{A65A7616-38FD-563E-2921-973E21F86D1C}.Release|Any CPU.Build.0 = Release|Any CPU
		{96847CF7-8D34-EACD-067C-97FE07B32ACB}.Debug|Any CPU.ActiveCfg = Debug|Any CPU
		{96847CF7-8D34-EACD-067C-97FE07B32ACB}.Debug|Any CPU.Build.0 = Debug|Any CPU
		{96847CF7-8D34-EACD-067C-97FE07B32ACB}.Release|Any CPU.ActiveCfg = Release|Any CPU
		{96847CF7-8D34-EACD-067C-97FE07B32ACB}.Release|Any CPU.Build.0 = Release|Any CPU
	EndGlobalSection
	GlobalSection(SolutionProperties) = preSolution
		HideSolutionNode = FALSE
	EndGlobalSection
EndGlobal
